// !$*UTF8*$!
{
	archiveVersion = 1;
	classes = {
	};
	objectVersion = 56;
	objects = {

/* Begin PBXBuildFile section */
		B6035CA62A68DF6900BB6319 /* InputFoundItemView.swift in Sources */ = {isa = PBXBuildFile; fileRef = B6035CA52A68DF6900BB6319 /* InputFoundItemView.swift */; };
		B6035CA82A68E17F00BB6319 /* InputFoundItemViewModel.swift in Sources */ = {isa = PBXBuildFile; fileRef = B6035CA72A68E17F00BB6319 /* InputFoundItemViewModel.swift */; };
		B6035CAA2A68E18D00BB6319 /* ItemFound.swift in Sources */ = {isa = PBXBuildFile; fileRef = B6035CA92A68E18D00BB6319 /* ItemFound.swift */; };
		B6035CAC2A68E65C00BB6319 /* AppConfig.swift in Sources */ = {isa = PBXBuildFile; fileRef = B6035CAB2A68E65C00BB6319 /* AppConfig.swift */; };
		B6035CAE2A68E76800BB6319 /* SupabaseManager.swift in Sources */ = {isa = PBXBuildFile; fileRef = B6035CAD2A68E76800BB6319 /* SupabaseManager.swift */; };
		B6035CB12A68E7C600BB6319 /* Supabase in Frameworks */ = {isa = PBXBuildFile; productRef = B6035CB02A68E7C600BB6319 /* Supabase */; };
		B6035CB82A691B9900BB6319 /* ShowFoundItemsView.swift in Sources */ = {isa = PBXBuildFile; fileRef = B6035CB72A691B9900BB6319 /* ShowFoundItemsView.swift */; };
		B6035CBA2A69329900BB6319 /* ImagePicker.swift in Sources */ = {isa = PBXBuildFile; fileRef = B6035CB92A69329900BB6319 /* ImagePicker.swift */; };
		B6035CBE2A6A35E400BB6319 /* Supabase-Info.plist in Resources */ = {isa = PBXBuildFile; fileRef = B6035CBD2A6A35E400BB6319 /* Supabase-Info.plist */; };
		B66D3E482A64F87700B01022 /* LostNFoundApp.swift in Sources */ = {isa = PBXBuildFile; fileRef = B66D3E472A64F87700B01022 /* LostNFoundApp.swift */; };
		B66D3E4A2A64F87700B01022 /* ContentView.swift in Sources */ = {isa = PBXBuildFile; fileRef = B66D3E492A64F87700B01022 /* ContentView.swift */; };
		B66D3E4C2A64F87800B01022 /* Assets.xcassets in Resources */ = {isa = PBXBuildFile; fileRef = B66D3E4B2A64F87800B01022 /* Assets.xcassets */; };
		B66D3E4F2A64F87800B01022 /* Preview Assets.xcassets in Resources */ = {isa = PBXBuildFile; fileRef = B66D3E4E2A64F87800B01022 /* Preview Assets.xcassets */; };
		B66D3E582A64FACD00B01022 /* Theme.swift in Sources */ = {isa = PBXBuildFile; fileRef = B66D3E572A64FACD00B01022 /* Theme.swift */; };
		B66D3E5B2A64FADF00B01022 /* Constants.swift in Sources */ = {isa = PBXBuildFile; fileRef = B66D3E5A2A64FADF00B01022 /* Constants.swift */; };
/* End PBXBuildFile section */

/* Begin PBXFileReference section */
		B6035CA52A68DF6900BB6319 /* InputFoundItemView.swift */ = {isa = PBXFileReference; lastKnownFileType = sourcecode.swift; path = InputFoundItemView.swift; sourceTree = "<group>"; };
		B6035CA72A68E17F00BB6319 /* InputFoundItemViewModel.swift */ = {isa = PBXFileReference; lastKnownFileType = sourcecode.swift; path = InputFoundItemViewModel.swift; sourceTree = "<group>"; };
		B6035CA92A68E18D00BB6319 /* ItemFound.swift */ = {isa = PBXFileReference; lastKnownFileType = sourcecode.swift; path = ItemFound.swift; sourceTree = "<group>"; };
		B6035CAB2A68E65C00BB6319 /* AppConfig.swift */ = {isa = PBXFileReference; lastKnownFileType = sourcecode.swift; path = AppConfig.swift; sourceTree = "<group>"; };
		B6035CAD2A68E76800BB6319 /* SupabaseManager.swift */ = {isa = PBXFileReference; lastKnownFileType = sourcecode.swift; path = SupabaseManager.swift; sourceTree = "<group>"; };
		B6035CB72A691B9900BB6319 /* ShowFoundItemsView.swift */ = {isa = PBXFileReference; lastKnownFileType = sourcecode.swift; path = ShowFoundItemsView.swift; sourceTree = "<group>"; };
		B6035CB92A69329900BB6319 /* ImagePicker.swift */ = {isa = PBXFileReference; lastKnownFileType = sourcecode.swift; path = ImagePicker.swift; sourceTree = "<group>"; };
		B6035CBD2A6A35E400BB6319 /* Supabase-Info.plist */ = {isa = PBXFileReference; lastKnownFileType = text.plist.xml; path = "Supabase-Info.plist"; sourceTree = "<group>"; };
		B66D3E442A64F87700B01022 /* LostNFound.app */ = {isa = PBXFileReference; explicitFileType = wrapper.application; includeInIndex = 0; path = LostNFound.app; sourceTree = BUILT_PRODUCTS_DIR; };
		B66D3E472A64F87700B01022 /* LostNFoundApp.swift */ = {isa = PBXFileReference; lastKnownFileType = sourcecode.swift; path = LostNFoundApp.swift; sourceTree = "<group>"; };
		B66D3E492A64F87700B01022 /* ContentView.swift */ = {isa = PBXFileReference; lastKnownFileType = sourcecode.swift; path = ContentView.swift; sourceTree = "<group>"; };
		B66D3E4B2A64F87800B01022 /* Assets.xcassets */ = {isa = PBXFileReference; lastKnownFileType = folder.assetcatalog; path = Assets.xcassets; sourceTree = "<group>"; };
		B66D3E4E2A64F87800B01022 /* Preview Assets.xcassets */ = {isa = PBXFileReference; lastKnownFileType = folder.assetcatalog; path = "Preview Assets.xcassets"; sourceTree = "<group>"; };
		B66D3E572A64FACD00B01022 /* Theme.swift */ = {isa = PBXFileReference; lastKnownFileType = sourcecode.swift; path = Theme.swift; sourceTree = "<group>"; };
		B66D3E5A2A64FADF00B01022 /* Constants.swift */ = {isa = PBXFileReference; lastKnownFileType = sourcecode.swift; path = Constants.swift; sourceTree = "<group>"; };
/* End PBXFileReference section */

/* Begin PBXFrameworksBuildPhase section */
		B66D3E412A64F87700B01022 /* Frameworks */ = {
			isa = PBXFrameworksBuildPhase;
			buildActionMask = 2147483647;
			files = (
				B6035CB12A68E7C600BB6319 /* Supabase in Frameworks */,
			);
			runOnlyForDeploymentPostprocessing = 0;
		};
/* End PBXFrameworksBuildPhase section */

/* Begin PBXGroup section */
		B66D3E3B2A64F87700B01022 = {
			isa = PBXGroup;
			children = (
				B66D3E462A64F87700B01022 /* LostNFound */,
				B66D3E452A64F87700B01022 /* Products */,
			);
			sourceTree = "<group>";
		};
		B66D3E452A64F87700B01022 /* Products */ = {
			isa = PBXGroup;
			children = (
				B66D3E442A64F87700B01022 /* LostNFound.app */,
			);
			name = Products;
			sourceTree = "<group>";
		};
		B66D3E462A64F87700B01022 /* LostNFound */ = {
			isa = PBXGroup;
			children = (
				B66D3E5E2A64FAFD00B01022 /* Features */,
				B66D3E562A64FAA200B01022 /* Core */,
				B66D3E552A64FA9A00B01022 /* Application */,
				B66D3E4D2A64F87800B01022 /* Preview Content */,
			);
			path = LostNFound;
			sourceTree = "<group>";
		};
		B66D3E4D2A64F87800B01022 /* Preview Content */ = {
			isa = PBXGroup;
			children = (
				B66D3E4E2A64F87800B01022 /* Preview Assets.xcassets */,
			);
			path = "Preview Content";
			sourceTree = "<group>";
		};
		B66D3E552A64FA9A00B01022 /* Application */ = {
			isa = PBXGroup;
			children = (
				B66D3E472A64F87700B01022 /* LostNFoundApp.swift */,
				B6035CAB2A68E65C00BB6319 /* AppConfig.swift */,
			);
			path = Application;
			sourceTree = "<group>";
		};
		B66D3E562A64FAA200B01022 /* Core */ = {
			isa = PBXGroup;
			children = (
				B66D3E5D2A64FAF200B01022 /* Utilities */,
				B66D3E5C2A64FAE700B01022 /* Resources */,
				B66D3E592A64FAD200B01022 /* Constants */,
				B66D3E572A64FACD00B01022 /* Theme.swift */,
			);
			path = Core;
			sourceTree = "<group>";
		};
		B66D3E592A64FAD200B01022 /* Constants */ = {
			isa = PBXGroup;
			children = (
				B66D3E5A2A64FADF00B01022 /* Constants.swift */,
			);
			path = Constants;
			sourceTree = "<group>";
		};
		B66D3E5C2A64FAE700B01022 /* Resources */ = {
			isa = PBXGroup;
			children = (
				B66D3E4B2A64F87800B01022 /* Assets.xcassets */,
			);
			path = Resources;
			sourceTree = "<group>";
		};
		B66D3E5D2A64FAF200B01022 /* Utilities */ = {
			isa = PBXGroup;
			children = (
				B6035CAD2A68E76800BB6319 /* SupabaseManager.swift */,
				B6035CB92A69329900BB6319 /* ImagePicker.swift */,
				B6035CBD2A6A35E400BB6319 /* Supabase-Info.plist */,
			);
			path = Utilities;
			sourceTree = "<group>";
		};
		B66D3E5E2A64FAFD00B01022 /* Features */ = {
			isa = PBXGroup;
			children = (
				B66D3E612A64FB0E00B01022 /* Presenters */,
				B66D3E602A64FB0900B01022 /* ViewModels */,
				B66D3E5F2A64FB0300B01022 /* Models */,
			);
			path = Features;
			sourceTree = "<group>";
		};
		B66D3E5F2A64FB0300B01022 /* Models */ = {
			isa = PBXGroup;
			children = (
				B6035CA92A68E18D00BB6319 /* ItemFound.swift */,
			);
			path = Models;
			sourceTree = "<group>";
		};
		B66D3E602A64FB0900B01022 /* ViewModels */ = {
			isa = PBXGroup;
			children = (
				B6035CA72A68E17F00BB6319 /* InputFoundItemViewModel.swift */,
			);
			path = ViewModels;
			sourceTree = "<group>";
		};
		B66D3E612A64FB0E00B01022 /* Presenters */ = {
			isa = PBXGroup;
			children = (
				B66D3E632A64FB1800B01022 /* Components */,
				B66D3E622A64FB1200B01022 /* Views */,
			);
			path = Presenters;
			sourceTree = "<group>";
		};
		B66D3E622A64FB1200B01022 /* Views */ = {
			isa = PBXGroup;
			children = (
				B66D3E492A64F87700B01022 /* ContentView.swift */,
				B6035CA52A68DF6900BB6319 /* InputFoundItemView.swift */,
				B6035CB72A691B9900BB6319 /* ShowFoundItemsView.swift */,
			);
			path = Views;
			sourceTree = "<group>";
		};
		B66D3E632A64FB1800B01022 /* Components */ = {
			isa = PBXGroup;
			children = (
			);
			path = Components;
			sourceTree = "<group>";
		};
/* End PBXGroup section */

/* Begin PBXNativeTarget section */
		B66D3E432A64F87700B01022 /* LostNFound */ = {
			isa = PBXNativeTarget;
			buildConfigurationList = B66D3E522A64F87800B01022 /* Build configuration list for PBXNativeTarget "LostNFound" */;
			buildPhases = (
				B66D3E402A64F87700B01022 /* Sources */,
				B66D3E412A64F87700B01022 /* Frameworks */,
				B66D3E422A64F87700B01022 /* Resources */,
			);
			buildRules = (
			);
			dependencies = (
			);
			name = LostNFound;
			packageProductDependencies = (
				B6035CB02A68E7C600BB6319 /* Supabase */,
			);
			productName = LostNFound;
			productReference = B66D3E442A64F87700B01022 /* LostNFound.app */;
			productType = "com.apple.product-type.application";
		};
/* End PBXNativeTarget section */

/* Begin PBXProject section */
		B66D3E3C2A64F87700B01022 /* Project object */ = {
			isa = PBXProject;
			attributes = {
				BuildIndependentTargetsInParallel = 1;
				LastSwiftUpdateCheck = 1430;
				LastUpgradeCheck = 1430;
				TargetAttributes = {
					B66D3E432A64F87700B01022 = {
						CreatedOnToolsVersion = 14.3.1;
					};
				};
			};
			buildConfigurationList = B66D3E3F2A64F87700B01022 /* Build configuration list for PBXProject "LostNFound" */;
			compatibilityVersion = "Xcode 14.0";
			developmentRegion = en;
			hasScannedForEncodings = 0;
			knownRegions = (
				en,
				Base,
			);
			mainGroup = B66D3E3B2A64F87700B01022;
			packageReferences = (
				B6035CAF2A68E7C600BB6319 /* XCRemoteSwiftPackageReference "supabase-swift" */,
			);
			productRefGroup = B66D3E452A64F87700B01022 /* Products */;
			projectDirPath = "";
			projectRoot = "";
			targets = (
				B66D3E432A64F87700B01022 /* LostNFound */,
			);
		};
/* End PBXProject section */

/* Begin PBXResourcesBuildPhase section */
		B66D3E422A64F87700B01022 /* Resources */ = {
			isa = PBXResourcesBuildPhase;
			buildActionMask = 2147483647;
			files = (
				B6035CBE2A6A35E400BB6319 /* Supabase-Info.plist in Resources */,
				B66D3E4F2A64F87800B01022 /* Preview Assets.xcassets in Resources */,
				B66D3E4C2A64F87800B01022 /* Assets.xcassets in Resources */,
			);
			runOnlyForDeploymentPostprocessing = 0;
		};
/* End PBXResourcesBuildPhase section */

/* Begin PBXSourcesBuildPhase section */
		B66D3E402A64F87700B01022 /* Sources */ = {
			isa = PBXSourcesBuildPhase;
			buildActionMask = 2147483647;
			files = (
				B66D3E582A64FACD00B01022 /* Theme.swift in Sources */,
				B6035CAC2A68E65C00BB6319 /* AppConfig.swift in Sources */,
				B66D3E4A2A64F87700B01022 /* ContentView.swift in Sources */,
				B6035CAE2A68E76800BB6319 /* SupabaseManager.swift in Sources */,
				B6035CAA2A68E18D00BB6319 /* ItemFound.swift in Sources */,
				B6035CA62A68DF6900BB6319 /* InputFoundItemView.swift in Sources */,
				B6035CA82A68E17F00BB6319 /* InputFoundItemViewModel.swift in Sources */,
				B6035CBA2A69329900BB6319 /* ImagePicker.swift in Sources */,
				B6035CB82A691B9900BB6319 /* ShowFoundItemsView.swift in Sources */,
				B66D3E482A64F87700B01022 /* LostNFoundApp.swift in Sources */,
				B66D3E5B2A64FADF00B01022 /* Constants.swift in Sources */,
			);
			runOnlyForDeploymentPostprocessing = 0;
		};
/* End PBXSourcesBuildPhase section */

/* Begin XCBuildConfiguration section */
		B66D3E502A64F87800B01022 /* Debug */ = {
			isa = XCBuildConfiguration;
			buildSettings = {
				ALWAYS_SEARCH_USER_PATHS = NO;
				CLANG_ANALYZER_NONNULL = YES;
				CLANG_ANALYZER_NUMBER_OBJECT_CONVERSION = YES_AGGRESSIVE;
				CLANG_CXX_LANGUAGE_STANDARD = "gnu++20";
				CLANG_ENABLE_MODULES = YES;
				CLANG_ENABLE_OBJC_ARC = YES;
				CLANG_ENABLE_OBJC_WEAK = YES;
				CLANG_WARN_BLOCK_CAPTURE_AUTORELEASING = YES;
				CLANG_WARN_BOOL_CONVERSION = YES;
				CLANG_WARN_COMMA = YES;
				CLANG_WARN_CONSTANT_CONVERSION = YES;
				CLANG_WARN_DEPRECATED_OBJC_IMPLEMENTATIONS = YES;
				CLANG_WARN_DIRECT_OBJC_ISA_USAGE = YES_ERROR;
				CLANG_WARN_DOCUMENTATION_COMMENTS = YES;
				CLANG_WARN_EMPTY_BODY = YES;
				CLANG_WARN_ENUM_CONVERSION = YES;
				CLANG_WARN_INFINITE_RECURSION = YES;
				CLANG_WARN_INT_CONVERSION = YES;
				CLANG_WARN_NON_LITERAL_NULL_CONVERSION = YES;
				CLANG_WARN_OBJC_IMPLICIT_RETAIN_SELF = YES;
				CLANG_WARN_OBJC_LITERAL_CONVERSION = YES;
				CLANG_WARN_OBJC_ROOT_CLASS = YES_ERROR;
				CLANG_WARN_QUOTED_INCLUDE_IN_FRAMEWORK_HEADER = YES;
				CLANG_WARN_RANGE_LOOP_ANALYSIS = YES;
				CLANG_WARN_STRICT_PROTOTYPES = YES;
				CLANG_WARN_SUSPICIOUS_MOVE = YES;
				CLANG_WARN_UNGUARDED_AVAILABILITY = YES_AGGRESSIVE;
				CLANG_WARN_UNREACHABLE_CODE = YES;
				CLANG_WARN__DUPLICATE_METHOD_MATCH = YES;
				COPY_PHASE_STRIP = NO;
				DEBUG_INFORMATION_FORMAT = dwarf;
				ENABLE_STRICT_OBJC_MSGSEND = YES;
				ENABLE_TESTABILITY = YES;
				GCC_C_LANGUAGE_STANDARD = gnu11;
				GCC_DYNAMIC_NO_PIC = NO;
				GCC_NO_COMMON_BLOCKS = YES;
				GCC_OPTIMIZATION_LEVEL = 0;
				GCC_PREPROCESSOR_DEFINITIONS = (
					"DEBUG=1",
					"$(inherited)",
				);
				GCC_WARN_64_TO_32_BIT_CONVERSION = YES;
				GCC_WARN_ABOUT_RETURN_TYPE = YES_ERROR;
				GCC_WARN_UNDECLARED_SELECTOR = YES;
				GCC_WARN_UNINITIALIZED_AUTOS = YES_AGGRESSIVE;
				GCC_WARN_UNUSED_FUNCTION = YES;
				GCC_WARN_UNUSED_VARIABLE = YES;
				IPHONEOS_DEPLOYMENT_TARGET = 16.4;
				MTL_ENABLE_DEBUG_INFO = INCLUDE_SOURCE;
				MTL_FAST_MATH = YES;
				ONLY_ACTIVE_ARCH = YES;
				SDKROOT = iphoneos;
				SWIFT_ACTIVE_COMPILATION_CONDITIONS = DEBUG;
				SWIFT_OPTIMIZATION_LEVEL = "-Onone";
			};
			name = Debug;
		};
		B66D3E512A64F87800B01022 /* Release */ = {
			isa = XCBuildConfiguration;
			buildSettings = {
				ALWAYS_SEARCH_USER_PATHS = NO;
				CLANG_ANALYZER_NONNULL = YES;
				CLANG_ANALYZER_NUMBER_OBJECT_CONVERSION = YES_AGGRESSIVE;
				CLANG_CXX_LANGUAGE_STANDARD = "gnu++20";
				CLANG_ENABLE_MODULES = YES;
				CLANG_ENABLE_OBJC_ARC = YES;
				CLANG_ENABLE_OBJC_WEAK = YES;
				CLANG_WARN_BLOCK_CAPTURE_AUTORELEASING = YES;
				CLANG_WARN_BOOL_CONVERSION = YES;
				CLANG_WARN_COMMA = YES;
				CLANG_WARN_CONSTANT_CONVERSION = YES;
				CLANG_WARN_DEPRECATED_OBJC_IMPLEMENTATIONS = YES;
				CLANG_WARN_DIRECT_OBJC_ISA_USAGE = YES_ERROR;
				CLANG_WARN_DOCUMENTATION_COMMENTS = YES;
				CLANG_WARN_EMPTY_BODY = YES;
				CLANG_WARN_ENUM_CONVERSION = YES;
				CLANG_WARN_INFINITE_RECURSION = YES;
				CLANG_WARN_INT_CONVERSION = YES;
				CLANG_WARN_NON_LITERAL_NULL_CONVERSION = YES;
				CLANG_WARN_OBJC_IMPLICIT_RETAIN_SELF = YES;
				CLANG_WARN_OBJC_LITERAL_CONVERSION = YES;
				CLANG_WARN_OBJC_ROOT_CLASS = YES_ERROR;
				CLANG_WARN_QUOTED_INCLUDE_IN_FRAMEWORK_HEADER = YES;
				CLANG_WARN_RANGE_LOOP_ANALYSIS = YES;
				CLANG_WARN_STRICT_PROTOTYPES = YES;
				CLANG_WARN_SUSPICIOUS_MOVE = YES;
				CLANG_WARN_UNGUARDED_AVAILABILITY = YES_AGGRESSIVE;
				CLANG_WARN_UNREACHABLE_CODE = YES;
				CLANG_WARN__DUPLICATE_METHOD_MATCH = YES;
				COPY_PHASE_STRIP = NO;
				DEBUG_INFORMATION_FORMAT = "dwarf-with-dsym";
				ENABLE_NS_ASSERTIONS = NO;
				ENABLE_STRICT_OBJC_MSGSEND = YES;
				GCC_C_LANGUAGE_STANDARD = gnu11;
				GCC_NO_COMMON_BLOCKS = YES;
				GCC_WARN_64_TO_32_BIT_CONVERSION = YES;
				GCC_WARN_ABOUT_RETURN_TYPE = YES_ERROR;
				GCC_WARN_UNDECLARED_SELECTOR = YES;
				GCC_WARN_UNINITIALIZED_AUTOS = YES_AGGRESSIVE;
				GCC_WARN_UNUSED_FUNCTION = YES;
				GCC_WARN_UNUSED_VARIABLE = YES;
				IPHONEOS_DEPLOYMENT_TARGET = 16.4;
				MTL_ENABLE_DEBUG_INFO = NO;
				MTL_FAST_MATH = YES;
				SDKROOT = iphoneos;
				SWIFT_COMPILATION_MODE = wholemodule;
				SWIFT_OPTIMIZATION_LEVEL = "-O";
				VALIDATE_PRODUCT = YES;
			};
			name = Release;
		};
		B66D3E532A64F87800B01022 /* Debug */ = {
			isa = XCBuildConfiguration;
			buildSettings = {
				ASSETCATALOG_COMPILER_APPICON_NAME = AppIcon;
				ASSETCATALOG_COMPILER_GLOBAL_ACCENT_COLOR_NAME = AccentColor;
				CODE_SIGN_STYLE = Automatic;
				CURRENT_PROJECT_VERSION = 1;
				DEVELOPMENT_ASSET_PATHS = "\"LostNFound/Preview Content\"";
				DEVELOPMENT_TEAM = U43A7X58YW;
				ENABLE_PREVIEWS = YES;
				GENERATE_INFOPLIST_FILE = YES;
				INFOPLIST_KEY_NSCameraUsageDescription = "In order to take picture of found items, we need your permission to use camera";
				INFOPLIST_KEY_NSPhotoLibraryUsageDescription = "In order to use picture of taken picture found items, we need your permission to give us photo library access";
				INFOPLIST_KEY_UIApplicationSceneManifest_Generation = YES;
				INFOPLIST_KEY_UIApplicationSupportsIndirectInputEvents = YES;
				INFOPLIST_KEY_UILaunchScreen_Generation = YES;
				INFOPLIST_KEY_UISupportedInterfaceOrientations = "UIInterfaceOrientationLandscapeLeft UIInterfaceOrientationLandscapeRight UIInterfaceOrientationPortrait";
				INFOPLIST_KEY_UISupportedInterfaceOrientations_iPad = "UIInterfaceOrientationLandscapeLeft UIInterfaceOrientationLandscapeRight";
				IPHONEOS_DEPLOYMENT_TARGET = 16.0;
				LD_RUNPATH_SEARCH_PATHS = (
					"$(inherited)",
					"@executable_path/Frameworks",
				);
				MARKETING_VERSION = 1.0;
				PRODUCT_BUNDLE_IDENTIFIER = ada.lostnfound.nc3group4.LostNFound;
				PRODUCT_NAME = "$(TARGET_NAME)";
				SUPPORTED_PLATFORMS = "iphoneos iphonesimulator";
				SUPPORTS_MACCATALYST = NO;
				SUPPORTS_MAC_DESIGNED_FOR_IPHONE_IPAD = YES;
				SWIFT_EMIT_LOC_STRINGS = YES;
				SWIFT_VERSION = 5.0;
				TARGETED_DEVICE_FAMILY = 2;
			};
			name = Debug;
		};
		B66D3E542A64F87800B01022 /* Release */ = {
			isa = XCBuildConfiguration;
			buildSettings = {
				ASSETCATALOG_COMPILER_APPICON_NAME = AppIcon;
				ASSETCATALOG_COMPILER_GLOBAL_ACCENT_COLOR_NAME = AccentColor;
				CODE_SIGN_STYLE = Automatic;
				CURRENT_PROJECT_VERSION = 1;
				DEVELOPMENT_ASSET_PATHS = "\"LostNFound/Preview Content\"";
				DEVELOPMENT_TEAM = U43A7X58YW;
				ENABLE_PREVIEWS = YES;
				GENERATE_INFOPLIST_FILE = YES;
				INFOPLIST_KEY_NSCameraUsageDescription = "In order to take picture of found items, we need your permission to use camera";
				INFOPLIST_KEY_NSPhotoLibraryUsageDescription = "In order to use picture of taken picture found items, we need your permission to give us photo library access";
				INFOPLIST_KEY_UIApplicationSceneManifest_Generation = YES;
				INFOPLIST_KEY_UIApplicationSupportsIndirectInputEvents = YES;
				INFOPLIST_KEY_UILaunchScreen_Generation = YES;
				INFOPLIST_KEY_UISupportedInterfaceOrientations = "UIInterfaceOrientationLandscapeLeft UIInterfaceOrientationLandscapeRight UIInterfaceOrientationPortrait";
				INFOPLIST_KEY_UISupportedInterfaceOrientations_iPad = "UIInterfaceOrientationLandscapeLeft UIInterfaceOrientationLandscapeRight";
				IPHONEOS_DEPLOYMENT_TARGET = 16.0;
				LD_RUNPATH_SEARCH_PATHS = (
					"$(inherited)",
					"@executable_path/Frameworks",
				);
				MARKETING_VERSION = 1.0;
				PRODUCT_BUNDLE_IDENTIFIER = ada.lostnfound.nc3group4.LostNFound;
				PRODUCT_NAME = "$(TARGET_NAME)";
				SUPPORTED_PLATFORMS = "iphoneos iphonesimulator";
				SUPPORTS_MACCATALYST = NO;
				SUPPORTS_MAC_DESIGNED_FOR_IPHONE_IPAD = YES;
				SWIFT_EMIT_LOC_STRINGS = YES;
				SWIFT_VERSION = 5.0;
				TARGETED_DEVICE_FAMILY = 2;
			};
			name = Release;
		};
/* End XCBuildConfiguration section */

/* Begin XCConfigurationList section */
		B66D3E3F2A64F87700B01022 /* Build configuration list for PBXProject "LostNFound" */ = {
			isa = XCConfigurationList;
			buildConfigurations = (
				B66D3E502A64F87800B01022 /* Debug */,
				B66D3E512A64F87800B01022 /* Release */,
			);
			defaultConfigurationIsVisible = 0;
			defaultConfigurationName = Release;
		};
		B66D3E522A64F87800B01022 /* Build configuration list for PBXNativeTarget "LostNFound" */ = {
			isa = XCConfigurationList;
			buildConfigurations = (
				B66D3E532A64F87800B01022 /* Debug */,
				B66D3E542A64F87800B01022 /* Release */,
			);
			defaultConfigurationIsVisible = 0;
			defaultConfigurationName = Release;
		};
/* End XCConfigurationList section */

/* Begin XCRemoteSwiftPackageReference section */
		B6035CAF2A68E7C600BB6319 /* XCRemoteSwiftPackageReference "supabase-swift" */ = {
			isa = XCRemoteSwiftPackageReference;
			repositoryURL = "https://github.com/supabase-community/supabase-swift.git";
			requirement = {
				kind = upToNextMajorVersion;
				minimumVersion = 0.3.0;
			};
		};
/* End XCRemoteSwiftPackageReference section */

/* Begin XCSwiftPackageProductDependency section */
		B6035CB02A68E7C600BB6319 /* Supabase */ = {
			isa = XCSwiftPackageProductDependency;
			package = B6035CAF2A68E7C600BB6319 /* XCRemoteSwiftPackageReference "supabase-swift" */;
			productName = Supabase;
		};
/* End XCSwiftPackageProductDependency section */
	};
	rootObject = B66D3E3C2A64F87700B01022 /* Project object */;
}
